
Microsoft Visual Studio Solution File, Format Version 12.00
# Visual Studio Version 17
VisualStudioVersion = 17.0.32014.148
MinimumVisualStudioVersion = 10.0.40219.1
Project("{9A19103F-16F7-4668-BE54-9A1E7A4F7556}") = "GregClient", "GregClient\GregClient.csproj", "{644207B4-7E7F-474A-952E-3453960D8A01}"
EndProject
Project("{9A19103F-16F7-4668-BE54-9A1E7A4F7556}") = "GregClientTests", "GregClientTests\GregClientTests.csproj", "{04331317-6CF9-42EE-B6A8-2B08C608C810}"
EndProject
Global
	GlobalSection(SolutionConfigurationPlatforms) = preSolution
		Debug|Any CPU = Debug|Any CPU
		Release|Any CPU = Release|Any CPU
	EndGlobalSection
	GlobalSection(ProjectConfigurationPlatforms) = postSolution
		{644207B4-7E7F-474A-952E-3453960D8A01}.Debug|Any CPU.ActiveCfg = Debug|Any CPU
		{644207B4-7E7F-474A-952E-3453960D8A01}.Debug|Any CPU.Build.0 = Debug|Any CPU
		{644207B4-7E7F-474A-952E-3453960D8A01}.Release|Any CPU.ActiveCfg = Release|Any CPU
		{644207B4-7E7F-474A-952E-3453960D8A01}.Release|Any CPU.Build.0 = Release|Any CPU
		{04331317-6CF9-42EE-B6A8-2B08C608C810}.Debug|Any CPU.ActiveCfg = Debug|Any CPU
		{04331317-6CF9-42EE-B6A8-2B08C608C810}.Debug|Any CPU.Build.0 = Debug|Any CPU
		{04331317-6CF9-42EE-B6A8-2B08C608C810}.Release|Any CPU.ActiveCfg = Release|Any CPU
		{04331317-6CF9-42EE-B6A8-2B08C608C810}.Release|Any CPU.Build.0 = Release|Any CPU
	EndGlobalSection
	GlobalSection(SolutionProperties) = preSolution
		HideSolutionNode = FALSE
	EndGlobalSection
	GlobalSection(ExtensibilityGlobals) = postSolution
		SolutionGuid = {172D7DEF-AE77-44F1-BFD6-555C28B23B3F}
	EndGlobalSection
EndGlobal
